
Microsoft Visual Studio Solution File, Format Version 12.00
# Visual Studio Version 17
VisualStudioVersion = 17.10.35027.167
MinimumVisualStudioVersion = 10.0.40219.1
Project("{FAE04EC0-301F-11D3-BF4B-00C04F79EFBC}") = "stajornek14", "stajornek14.csproj", "{46765C29-A56C-4E23-8C97-B5EC5E76F113}"
EndProject
Global
	GlobalSection(SolutionConfigurationPlatforms) = preSolution
		Debug|Any CPU = Debug|Any CPU
		Release|Any CPU = Release|Any CPU
	EndGlobalSection
	GlobalSection(ProjectConfigurationPlatforms) = postSolution
		{46765C29-A56C-4E23-8C97-B5EC5E76F113}.Debug|Any CPU.ActiveCfg = Debug|Any CPU
		{46765C29-A56C-4E23-8C97-B5EC5E76F113}.Debug|Any CPU.Build.0 = Debug|Any CPU
		{46765C29-A56C-4E23-8C97-B5EC5E76F113}.Release|Any CPU.ActiveCfg = Release|Any CPU
		{46765C29-A56C-4E23-8C97-B5EC5E76F113}.Release|Any CPU.Build.0 = Release|Any CPU
	EndGlobalSection
	GlobalSection(SolutionProperties) = preSolution
		HideSolutionNode = FALSE
	EndGlobalSection
	GlobalSection(ExtensibilityGlobals) = postSolution
		SolutionGuid = {7026D9FA-CFF2-440F-9BDE-C46F44B0F16D}
	EndGlobalSection
EndGlobal
